// !$*UTF8*$!
{
	archiveVersion = 1;
	classes = {
	};
	objectVersion = 48;
	objects = {

/* Begin PBXBuildFile section */
		89D024F7EE502ED2C5A56659 /* Pods_Sahibinden.framework in Frameworks */ = {isa = PBXBuildFile; fileRef = AFB45D1BA2AD33EF1B3024AF /* Pods_Sahibinden.framework */; };
		9AB5B6A61FDD161B006858AC /* AppDelegate.swift in Sources */ = {isa = PBXBuildFile; fileRef = 9AB5B6A51FDD161B006858AC /* AppDelegate.swift */; };
		9AB5B6A81FDD161B006858AC /* CurrentCurrencyViewController.swift in Sources */ = {isa = PBXBuildFile; fileRef = 9AB5B6A71FDD161B006858AC /* CurrentCurrencyViewController.swift */; };
		9AB5B6AD1FDD161B006858AC /* Assets.xcassets in Resources */ = {isa = PBXBuildFile; fileRef = 9AB5B6AC1FDD161B006858AC /* Assets.xcassets */; };
		9AB5B6B01FDD161B006858AC /* LaunchScreen.storyboard in Resources */ = {isa = PBXBuildFile; fileRef = 9AB5B6AE1FDD161B006858AC /* LaunchScreen.storyboard */; };
		9AB5B6B81FDD1CD2006858AC /* Model.swift in Sources */ = {isa = PBXBuildFile; fileRef = 9AB5B6B71FDD1CD2006858AC /* Model.swift */; };
		9AD56F891FDD33CE0052DB92 /* Extensions.swift in Sources */ = {isa = PBXBuildFile; fileRef = 9AD56F881FDD33CE0052DB92 /* Extensions.swift */; };
		9AEF141E1FDD290800315089 /* CustomTabBarViewController.swift in Sources */ = {isa = PBXBuildFile; fileRef = 9AEF141D1FDD290800315089 /* CustomTabBarViewController.swift */; };
/* End PBXBuildFile section */

/* Begin PBXFileReference section */
		78D8143008F93994DCDA4207 /* Pods-Sahibinden.debug.xcconfig */ = {isa = PBXFileReference; includeInIndex = 1; lastKnownFileType = text.xcconfig; name = "Pods-Sahibinden.debug.xcconfig"; path = "Pods/Target Support Files/Pods-Sahibinden/Pods-Sahibinden.debug.xcconfig"; sourceTree = "<group>"; };
		9AB5B6A21FDD161B006858AC /* Sahibinden.app */ = {isa = PBXFileReference; explicitFileType = wrapper.application; includeInIndex = 0; path = Sahibinden.app; sourceTree = BUILT_PRODUCTS_DIR; };
		9AB5B6A51FDD161B006858AC /* AppDelegate.swift */ = {isa = PBXFileReference; lastKnownFileType = sourcecode.swift; path = AppDelegate.swift; sourceTree = "<group>"; };
		9AB5B6A71FDD161B006858AC /* CurrentCurrencyViewController.swift */ = {isa = PBXFileReference; lastKnownFileType = sourcecode.swift; path = CurrentCurrencyViewController.swift; sourceTree = "<group>"; };
		9AB5B6AC1FDD161B006858AC /* Assets.xcassets */ = {isa = PBXFileReference; lastKnownFileType = folder.assetcatalog; path = Assets.xcassets; sourceTree = "<group>"; };
		9AB5B6AF1FDD161B006858AC /* Base */ = {isa = PBXFileReference; lastKnownFileType = file.storyboard; name = Base; path = Base.lproj/LaunchScreen.storyboard; sourceTree = "<group>"; };
		9AB5B6B11FDD161B006858AC /* Info.plist */ = {isa = PBXFileReference; lastKnownFileType = text.plist.xml; path = Info.plist; sourceTree = "<group>"; };
		9AB5B6B71FDD1CD2006858AC /* Model.swift */ = {isa = PBXFileReference; lastKnownFileType = sourcecode.swift; path = Model.swift; sourceTree = "<group>"; };
		9AD56F881FDD33CE0052DB92 /* Extensions.swift */ = {isa = PBXFileReference; lastKnownFileType = sourcecode.swift; path = Extensions.swift; sourceTree = "<group>"; };
		9AEF141D1FDD290800315089 /* CustomTabBarViewController.swift */ = {isa = PBXFileReference; lastKnownFileType = sourcecode.swift; path = CustomTabBarViewController.swift; sourceTree = "<group>"; };
		AFB45D1BA2AD33EF1B3024AF /* Pods_Sahibinden.framework */ = {isa = PBXFileReference; explicitFileType = wrapper.framework; includeInIndex = 0; path = Pods_Sahibinden.framework; sourceTree = BUILT_PRODUCTS_DIR; };
		C590445F5A52A9CFE6888C26 /* Pods-Sahibinden.release.xcconfig */ = {isa = PBXFileReference; includeInIndex = 1; lastKnownFileType = text.xcconfig; name = "Pods-Sahibinden.release.xcconfig"; path = "Pods/Target Support Files/Pods-Sahibinden/Pods-Sahibinden.release.xcconfig"; sourceTree = "<group>"; };
/* End PBXFileReference section */

/* Begin PBXFrameworksBuildPhase section */
		9AB5B69F1FDD161B006858AC /* Frameworks */ = {
			isa = PBXFrameworksBuildPhase;
			buildActionMask = 2147483647;
			files = (
				89D024F7EE502ED2C5A56659 /* Pods_Sahibinden.framework in Frameworks */,
			);
			runOnlyForDeploymentPostprocessing = 0;
		};
/* End PBXFrameworksBuildPhase section */

/* Begin PBXGroup section */
		3E553D1A8C1C8E43AAD44373 /* Frameworks */ = {
			isa = PBXGroup;
			children = (
				AFB45D1BA2AD33EF1B3024AF /* Pods_Sahibinden.framework */,
			);
			name = Frameworks;
			sourceTree = "<group>";
		};
		9AB5B6991FDD161B006858AC = {
			isa = PBXGroup;
			children = (
				9AB5B6A41FDD161B006858AC /* Sahibinden */,
				9AB5B6A31FDD161B006858AC /* Products */,
				D74510C422AE45ACF529C5B8 /* Pods */,
				3E553D1A8C1C8E43AAD44373 /* Frameworks */,
			);
			sourceTree = "<group>";
		};
		9AB5B6A31FDD161B006858AC /* Products */ = {
			isa = PBXGroup;
			children = (
				9AB5B6A21FDD161B006858AC /* Sahibinden.app */,
			);
			name = Products;
			sourceTree = "<group>";
		};
		9AB5B6A41FDD161B006858AC /* Sahibinden */ = {
			isa = PBXGroup;
			children = (
				9AB5B6A51FDD161B006858AC /* AppDelegate.swift */,
				9AB5B6A71FDD161B006858AC /* CurrentCurrencyViewController.swift */,
				9AEF141D1FDD290800315089 /* CustomTabBarViewController.swift */,
				9AB5B6AC1FDD161B006858AC /* Assets.xcassets */,
				9AB5B6AE1FDD161B006858AC /* LaunchScreen.storyboard */,
				9AB5B6B11FDD161B006858AC /* Info.plist */,
				9AB5B6B71FDD1CD2006858AC /* Model.swift */,
				9AD56F881FDD33CE0052DB92 /* Extensions.swift */,
			);
			path = Sahibinden;
			sourceTree = "<group>";
		};
		D74510C422AE45ACF529C5B8 /* Pods */ = {
			isa = PBXGroup;
			children = (
				78D8143008F93994DCDA4207 /* Pods-Sahibinden.debug.xcconfig */,
				C590445F5A52A9CFE6888C26 /* Pods-Sahibinden.release.xcconfig */,
			);
			name = Pods;
			sourceTree = "<group>";
		};
/* End PBXGroup section */

/* Begin PBXNativeTarget section */
		9AB5B6A11FDD161B006858AC /* Sahibinden */ = {
			isa = PBXNativeTarget;
			buildConfigurationList = 9AB5B6B41FDD161B006858AC /* Build configuration list for PBXNativeTarget "Sahibinden" */;
			buildPhases = (
				C54922146638A95AED248632 /* [CP] Check Pods Manifest.lock */,
				9AB5B69E1FDD161B006858AC /* Sources */,
				9AB5B69F1FDD161B006858AC /* Frameworks */,
				9AB5B6A01FDD161B006858AC /* Resources */,
				F80C7465015A7D0D92E63F07 /* [CP] Embed Pods Frameworks */,
				18D7F78F8C46784205816476 /* [CP] Copy Pods Resources */,
			);
			buildRules = (
			);
			dependencies = (
			);
			name = Sahibinden;
			productName = Sahibinden;
			productReference = 9AB5B6A21FDD161B006858AC /* Sahibinden.app */;
			productType = "com.apple.product-type.application";
		};
/* End PBXNativeTarget section */

/* Begin PBXProject section */
		9AB5B69A1FDD161B006858AC /* Project object */ = {
			isa = PBXProject;
			attributes = {
				LastSwiftUpdateCheck = 0920;
				LastUpgradeCheck = 0920;
				ORGANIZATIONNAME = "Emre Özdil";
				TargetAttributes = {
					9AB5B6A11FDD161B006858AC = {
						CreatedOnToolsVersion = 9.2;
						ProvisioningStyle = Automatic;
					};
				};
			};
			buildConfigurationList = 9AB5B69D1FDD161B006858AC /* Build configuration list for PBXProject "Sahibinden" */;
			compatibilityVersion = "Xcode 8.0";
			developmentRegion = en;
			hasScannedForEncodings = 0;
			knownRegions = (
				en,
				Base,
			);
			mainGroup = 9AB5B6991FDD161B006858AC;
			productRefGroup = 9AB5B6A31FDD161B006858AC /* Products */;
			projectDirPath = "";
			projectRoot = "";
			targets = (
				9AB5B6A11FDD161B006858AC /* Sahibinden */,
			);
		};
/* End PBXProject section */

/* Begin PBXResourcesBuildPhase section */
		9AB5B6A01FDD161B006858AC /* Resources */ = {
			isa = PBXResourcesBuildPhase;
			buildActionMask = 2147483647;
			files = (
				9AB5B6B01FDD161B006858AC /* LaunchScreen.storyboard in Resources */,
				9AB5B6AD1FDD161B006858AC /* Assets.xcassets in Resources */,
			);
			runOnlyForDeploymentPostprocessing = 0;
		};
/* End PBXResourcesBuildPhase section */

/* Begin PBXShellScriptBuildPhase section */
		18D7F78F8C46784205816476 /* [CP] Copy Pods Resources */ = {
			isa = PBXShellScriptBuildPhase;
			buildActionMask = 2147483647;
			files = (
			);
			inputPaths = (
			);
			name = "[CP] Copy Pods Resources";
			outputPaths = (
			);
			runOnlyForDeploymentPostprocessing = 0;
			shellPath = /bin/sh;
			shellScript = "\"${SRCROOT}/Pods/Target Support Files/Pods-Sahibinden/Pods-Sahibinden-resources.sh\"\n";
			showEnvVarsInLog = 0;
		};
		C54922146638A95AED248632 /* [CP] Check Pods Manifest.lock */ = {
			isa = PBXShellScriptBuildPhase;
			buildActionMask = 2147483647;
			files = (
			);
			inputPaths = (
				"${PODS_PODFILE_DIR_PATH}/Podfile.lock",
				"${PODS_ROOT}/Manifest.lock",
			);
			name = "[CP] Check Pods Manifest.lock";
			outputPaths = (
				"$(DERIVED_FILE_DIR)/Pods-Sahibinden-checkManifestLockResult.txt",
			);
			runOnlyForDeploymentPostprocessing = 0;
			shellPath = /bin/sh;
			shellScript = "diff \"${PODS_PODFILE_DIR_PATH}/Podfile.lock\" \"${PODS_ROOT}/Manifest.lock\" > /dev/null\nif [ $? != 0 ] ; then\n    # print error to STDERR\n    echo \"error: The sandbox is not in sync with the Podfile.lock. Run 'pod install' or update your CocoaPods installation.\" >&2\n    exit 1\nfi\n# This output is used by Xcode 'outputs' to avoid re-running this script phase.\necho \"SUCCESS\" > \"${SCRIPT_OUTPUT_FILE_0}\"\n";
			showEnvVarsInLog = 0;
		};
		F80C7465015A7D0D92E63F07 /* [CP] Embed Pods Frameworks */ = {
			isa = PBXShellScriptBuildPhase;
			buildActionMask = 2147483647;
			files = (
			);
			inputPaths = (
				"${SRCROOT}/Pods/Target Support Files/Pods-Sahibinden/Pods-Sahibinden-frameworks.sh",
				"${BUILT_PRODUCTS_DIR}/Alamofire/Alamofire.framework",
				"${BUILT_PRODUCTS_DIR}/AlamofireObjectMapper/AlamofireObjectMapper.framework",
				"${BUILT_PRODUCTS_DIR}/ObjectMapper/ObjectMapper.framework",
			);
			name = "[CP] Embed Pods Frameworks";
			outputPaths = (
				"${TARGET_BUILD_DIR}/${FRAMEWORKS_FOLDER_PATH}/Alamofire.framework",
				"${TARGET_BUILD_DIR}/${FRAMEWORKS_FOLDER_PATH}/AlamofireObjectMapper.framework",
				"${TARGET_BUILD_DIR}/${FRAMEWORKS_FOLDER_PATH}/ObjectMapper.framework",
			);
			runOnlyForDeploymentPostprocessing = 0;
			shellPath = /bin/sh;
			shellScript = "\"${SRCROOT}/Pods/Target Support Files/Pods-Sahibinden/Pods-Sahibinden-frameworks.sh\"\n";
			showEnvVarsInLog = 0;
		};
/* End PBXShellScriptBuildPhase section */

/* Begin PBXSourcesBuildPhase section */
		9AB5B69E1FDD161B006858AC /* Sources */ = {
			isa = PBXSourcesBuildPhase;
			buildActionMask = 2147483647;
			files = (
				9AD56F891FDD33CE0052DB92 /* Extensions.swift in Sources */,
				9AB5B6B81FDD1CD2006858AC /* Model.swift in Sources */,
				9AB5B6A81FDD161B006858AC /* CurrentCurrencyViewController.swift in Sources */,
				9AEF141E1FDD290800315089 /* CustomTabBarViewController.swift in Sources */,
				9AB5B6A61FDD161B006858AC /* AppDelegate.swift in Sources */,
			);
			runOnlyForDeploymentPostprocessing = 0;
		};
/* End PBXSourcesBuildPhase section */

/* Begin PBXVariantGroup section */
		9AB5B6AE1FDD161B006858AC /* LaunchScreen.storyboard */ = {
			isa = PBXVariantGroup;
			children = (
				9AB5B6AF1FDD161B006858AC /* Base */,
			);
			name = LaunchScreen.storyboard;
			sourceTree = "<group>";
		};
/* End PBXVariantGroup section */

/* Begin XCBuildConfiguration section */
		9AB5B6B21FDD161B006858AC /* Debug */ = {
			isa = XCBuildConfiguration;
			buildSettings = {
				ALWAYS_SEARCH_USER_PATHS = NO;
				CLANG_ANALYZER_NONNULL = YES;
				CLANG_ANALYZER_NUMBER_OBJECT_CONVERSION = YES_AGGRESSIVE;
				CLANG_CXX_LANGUAGE_STANDARD = "gnu++14";
				CLANG_CXX_LIBRARY = "libc++";
				CLANG_ENABLE_MODULES = YES;
				CLANG_ENABLE_OBJC_ARC = YES;
				CLANG_WARN_BLOCK_CAPTURE_AUTORELEASING = YES;
				CLANG_WARN_BOOL_CONVERSION = YES;
				CLANG_WARN_COMMA = YES;
				CLANG_WARN_CONSTANT_CONVERSION = YES;
				CLANG_WARN_DIRECT_OBJC_ISA_USAGE = YES_ERROR;
				CLANG_WARN_DOCUMENTATION_COMMENTS = YES;
				CLANG_WARN_EMPTY_BODY = YES;
				CLANG_WARN_ENUM_CONVERSION = YES;
				CLANG_WARN_INFINITE_RECURSION = YES;
				CLANG_WARN_INT_CONVERSION = YES;
				CLANG_WARN_NON_LITERAL_NULL_CONVERSION = YES;
				CLANG_WARN_OBJC_LITERAL_CONVERSION = YES;
				CLANG_WARN_OBJC_ROOT_CLASS = YES_ERROR;
				CLANG_WARN_RANGE_LOOP_ANALYSIS = YES;
				CLANG_WARN_STRICT_PROTOTYPES = YES;
				CLANG_WARN_SUSPICIOUS_MOVE = YES;
				CLANG_WARN_UNGUARDED_AVAILABILITY = YES_AGGRESSIVE;
				CLANG_WARN_UNREACHABLE_CODE = YES;
				CLANG_WARN__DUPLICATE_METHOD_MATCH = YES;
				CODE_SIGN_IDENTITY = "iPhone Developer";
				COPY_PHASE_STRIP = NO;
				DEBUG_INFORMATION_FORMAT = dwarf;
				ENABLE_STRICT_OBJC_MSGSEND = YES;
				ENABLE_TESTABILITY = YES;
				GCC_C_LANGUAGE_STANDARD = gnu11;
				GCC_DYNAMIC_NO_PIC = NO;
				GCC_NO_COMMON_BLOCKS = YES;
				GCC_OPTIMIZATION_LEVEL = 0;
				GCC_PREPROCESSOR_DEFINITIONS = (
					"DEBUG=1",
					"$(inherited)",
				);
				GCC_WARN_64_TO_32_BIT_CONVERSION = YES;
				GCC_WARN_ABOUT_RETURN_TYPE = YES_ERROR;
				GCC_WARN_UNDECLARED_SELECTOR = YES;
				GCC_WARN_UNINITIALIZED_AUTOS = YES_AGGRESSIVE;
				GCC_WARN_UNUSED_FUNCTION = YES;
				GCC_WARN_UNUSED_VARIABLE = YES;
				IPHONEOS_DEPLOYMENT_TARGET = 11.2;
				MTL_ENABLE_DEBUG_INFO = YES;
				ONLY_ACTIVE_ARCH = YES;
				SDKROOT = iphoneos;
				SWIFT_ACTIVE_COMPILATION_CONDITIONS = DEBUG;
				SWIFT_OPTIMIZATION_LEVEL = "-Onone";
			};
			name = Debug;
		};
		9AB5B6B31FDD161B006858AC /* Release */ = {
			isa = XCBuildConfiguration;
			buildSettings = {
				ALWAYS_SEARCH_USER_PATHS = NO;
				CLANG_ANALYZER_NONNULL = YES;
				CLANG_ANALYZER_NUMBER_OBJECT_CONVERSION = YES_AGGRESSIVE;
				CLANG_CXX_LANGUAGE_STANDARD = "gnu++14";
				CLANG_CXX_LIBRARY = "libc++";
				CLANG_ENABLE_MODULES = YES;
				CLANG_ENABLE_OBJC_ARC = YES;
				CLANG_WARN_BLOCK_CAPTURE_AUTORELEASING = YES;
				CLANG_WARN_BOOL_CONVERSION = YES;
				CLANG_WARN_COMMA = YES;
				CLANG_WARN_CONSTANT_CONVERSION = YES;
				CLANG_WARN_DIRECT_OBJC_ISA_USAGE = YES_ERROR;
				CLANG_WARN_DOCUMENTATION_COMMENTS = YES;
				CLANG_WARN_EMPTY_BODY = YES;
				CLANG_WARN_ENUM_CONVERSION = YES;
				CLANG_WARN_INFINITE_RECURSION = YES;
				CLANG_WARN_INT_CONVERSION = YES;
				CLANG_WARN_NON_LITERAL_NULL_CONVERSION = YES;
				CLANG_WARN_OBJC_LITERAL_CONVERSION = YES;
				CLANG_WARN_OBJC_ROOT_CLASS = YES_ERROR;
				CLANG_WARN_RANGE_LOOP_ANALYSIS = YES;
				CLANG_WARN_STRICT_PROTOTYPES = YES;
				CLANG_WARN_SUSPICIOUS_MOVE = YES;
				CLANG_WARN_UNGUARDED_AVAILABILITY = YES_AGGRESSIVE;
				CLANG_WARN_UNREACHABLE_CODE = YES;
				CLANG_WARN__DUPLICATE_METHOD_MATCH = YES;
				CODE_SIGN_IDENTITY = "iPhone Developer";
				COPY_PHASE_STRIP = NO;
				DEBUG_INFORMATION_FORMAT = "dwarf-with-dsym";
				ENABLE_NS_ASSERTIONS = NO;
				ENABLE_STRICT_OBJC_MSGSEND = YES;
				GCC_C_LANGUAGE_STANDARD = gnu11;
				GCC_NO_COMMON_BLOCKS = YES;
				GCC_WARN_64_TO_32_BIT_CONVERSION = YES;
				GCC_WARN_ABOUT_RETURN_TYPE = YES_ERROR;
				GCC_WARN_UNDECLARED_SELECTOR = YES;
				GCC_WARN_UNINITIALIZED_AUTOS = YES_AGGRESSIVE;
				GCC_WARN_UNUSED_FUNCTION = YES;
				GCC_WARN_UNUSED_VARIABLE = YES;
				IPHONEOS_DEPLOYMENT_TARGET = 11.2;
				MTL_ENABLE_DEBUG_INFO = NO;
				SDKROOT = iphoneos;
				SWIFT_OPTIMIZATION_LEVEL = "-Owholemodule";
				VALIDATE_PRODUCT = YES;
			};
			name = Release;
		};
		9AB5B6B51FDD161B006858AC /* Debug */ = {
			isa = XCBuildConfiguration;
			baseConfigurationReference = 78D8143008F93994DCDA4207 /* Pods-Sahibinden.debug.xcconfig */;
			buildSettings = {
				ASSETCATALOG_COMPILER_APPICON_NAME = AppIcon;
				CODE_SIGN_STYLE = Automatic;
				DEVELOPMENT_TEAM = 6FUKB8LKZE;
				INFOPLIST_FILE = Sahibinden/Info.plist;
				LD_RUNPATH_SEARCH_PATHS = "$(inherited) @executable_path/Frameworks";
				PRODUCT_BUNDLE_IDENTIFIER = com.emreozdil.Sahibinden;
				PRODUCT_NAME = "$(TARGET_NAME)";
				SWIFT_VERSION = 4.0;
				TARGETED_DEVICE_FAMILY = "1,2";
			};
			name = Debug;
		};
		9AB5B6B61FDD161B006858AC /* Release */ = {
			isa = XCBuildConfiguration;
			baseConfigurationReference = C590445F5A52A9CFE6888C26 /* Pods-Sahibinden.release.xcconfig */;
			buildSettings = {
				ASSETCATALOG_COMPILER_APPICON_NAME = AppIcon;
				CODE_SIGN_STYLE = Automatic;
				DEVELOPMENT_TEAM = 6FUKB8LKZE;
				INFOPLIST_FILE = Sahibinden/Info.plist;
				LD_RUNPATH_SEARCH_PATHS = "$(inherited) @executable_path/Frameworks";
				PRODUCT_BUNDLE_IDENTIFIER = com.emreozdil.Sahibinden;
				PRODUCT_NAME = "$(TARGET_NAME)";
				SWIFT_VERSION = 4.0;
				TARGETED_DEVICE_FAMILY = "1,2";
			};
			name = Release;
		};
/* End XCBuildConfiguration section */

/* Begin XCConfigurationList section */
		9AB5B69D1FDD161B006858AC /* Build configuration list for PBXProject "Sahibinden" */ = {
			isa = XCConfigurationList;
			buildConfigurations = (
				9AB5B6B21FDD161B006858AC /* Debug */,
				9AB5B6B31FDD161B006858AC /* Release */,
			);
			defaultConfigurationIsVisible = 0;
			defaultConfigurationName = Release;
		};
		9AB5B6B41FDD161B006858AC /* Build configuration list for PBXNativeTarget "Sahibinden" */ = {
			isa = XCConfigurationList;
			buildConfigurations = (
				9AB5B6B51FDD161B006858AC /* Debug */,
				9AB5B6B61FDD161B006858AC /* Release */,
			);
			defaultConfigurationIsVisible = 0;
			defaultConfigurationName = Release;
		};
/* End XCConfigurationList section */
	};
	rootObject = 9AB5B69A1FDD161B006858AC /* Project object */;
}
